
Microsoft Visual Studio Solution File, Format Version 12.00
# Visual Studio Version 17
VisualStudioVersion = 17.7.34031.279
MinimumVisualStudioVersion = 10.0.40219.1
Project("{FAE04EC0-301F-11D3-BF4B-00C04F79EFBC}") = "BillManage", "BillManage\BillManage.csproj", "{5D480342-B335-476F-8EA3-1E9882708D49}"
EndProject
Global
	GlobalSection(SolutionConfigurationPlatforms) = preSolution
		Debug|Any CPU = Debug|Any CPU
		Release|Any CPU = Release|Any CPU
	EndGlobalSection
	GlobalSection(ProjectConfigurationPlatforms) = postSolution
		{5D480342-B335-476F-8EA3-1E9882708D49}.Debug|Any CPU.ActiveCfg = Debug|Any CPU
		{5D480342-B335-476F-8EA3-1E9882708D49}.Debug|Any CPU.Build.0 = Debug|Any CPU
		{5D480342-B335-476F-8EA3-1E9882708D49}.Release|Any CPU.ActiveCfg = Release|Any CPU
		{5D480342-B335-476F-8EA3-1E9882708D49}.Release|Any CPU.Build.0 = Release|Any CPU
	EndGlobalSection
	GlobalSection(SolutionProperties) = preSolution
		HideSolutionNode = FALSE
	EndGlobalSection
	GlobalSection(ExtensibilityGlobals) = postSolution
		SolutionGuid = {30D304A5-7476-413F-834E-F2AC493F6D7E}
	EndGlobalSection
EndGlobal
